{
  "nodes": {
    "flake-compat": {
      "flake": false,
      "locked": {
        "lastModified": 1696426674,
        "narHash": "sha256-kvjfFW7WAETZlt09AgDn1MrtKzP7t90Vf7vypd3OL1U=",
        "owner": "edolstra",
        "repo": "flake-compat",
        "rev": "0f9255e01c2351cc7d116c072cb317785dd33b33",
        "type": "github"
      },
      "original": {
        "owner": "edolstra",
        "repo": "flake-compat",
        "type": "github"
      }
    },
    "flake-utils": {
      "inputs": {
        "systems": "systems"
      },
      "locked": {
        "lastModified": 1731533236,
        "narHash": "sha256-l0KFg5HjrsfsO/JpG+r7fRrqm12kzFHyUHqHCVpMMbI=",
        "owner": "numtide",
        "repo": "flake-utils",
        "rev": "11707dc2f618dd54ca8739b309ec4fc024de578b",
        "type": "github"
      },
      "original": {
        "owner": "numtide",
        "repo": "flake-utils",
        "type": "github"
      }
    },
    "flake-utils_2": {
      "inputs": {
        "systems": "systems_2"
      },
      "locked": {
        "lastModified": 1705309234,
        "narHash": "sha256-uNRRNRKmJyCRC/8y1RqBkqWBLM034y4qN7EprSdmgyA=",
        "owner": "numtide",
        "repo": "flake-utils",
        "rev": "1ef2e671c3b0c19053962c07dbda38332dcebf26",
        "type": "github"
      },
      "original": {
        "owner": "numtide",
        "repo": "flake-utils",
        "type": "github"
      }
    },
    "gitignore": {
      "inputs": {
        "nixpkgs": [
          "zls",
          "nixpkgs"
        ]
      },
      "locked": {
        "lastModified": 1709087332,
        "narHash": "sha256-HG2cCnktfHsKV0s4XW83gU3F57gaTljL9KNSuG6bnQs=",
        "owner": "hercules-ci",
        "repo": "gitignore.nix",
        "rev": "637db329424fd7e46cf4185293b9cc8c88c95394",
        "type": "github"
      },
      "original": {
        "owner": "hercules-ci",
        "repo": "gitignore.nix",
        "type": "github"
      }
    },
    "nixpkgs": {
      "locked": {
        "lastModified": 1757034884,
        "narHash": "sha256-PgLSZDBEWUHpfTRfFyklmiiLBE1i1aGCtz4eRA3POao=",
        "owner": "NixOS",
        "repo": "nixpkgs",
        "rev": "ca77296380960cd497a765102eeb1356eb80fed0",
        "type": "github"
      },
      "original": {
        "owner": "NixOS",
        "ref": "nixpkgs-unstable",
        "repo": "nixpkgs",
        "type": "github"
      }
    },
    "nixpkgs_2": {
      "locked": {
        "lastModified": 1759794031,
        "narHash": "sha256-Zruni/00BlDHSWVJf3mb0o+OHnxIvJNuXkPloY9c+PU=",
        "owner": "nixos",
        "repo": "nixpkgs",
        "rev": "09c221b2f0726da85b124efb60a1d123971dfa08",
        "type": "github"
      },
      "original": {
        "owner": "nixos",
        "repo": "nixpkgs",
        "type": "github"
      }
    },
    "nixpkgs_3": {
      "locked": {
        "lastModified": 1758346548,
        "narHash": "sha256-afXE7AJ7MY6wY1pg/Y6UPHNYPy5GtUKeBkrZZ/gC71E=",
        "owner": "NixOS",
        "repo": "nixpkgs",
        "rev": "b2a3852bd078e68dd2b3dfa8c00c67af1f0a7d20",
        "type": "github"
      },
      "original": {
        "owner": "NixOS",
        "ref": "nixos-25.05",
        "repo": "nixpkgs",
        "type": "github"
      }
    },
    "pwndbg-src": {
      "inputs": {
        "nixpkgs": "nixpkgs",
        "pyproject-build-systems": "pyproject-build-systems",
        "pyproject-nix": "pyproject-nix",
        "uv2nix": "uv2nix"
      },
      "locked": {
        "lastModified": 1759786402,
        "narHash": "sha256-gU+TG3/E5LamCjXuxIOsNHiavbJdYbM86VEAXDSJCK8=",
        "owner": "pwndbg",
        "repo": "pwndbg",
        "rev": "b7e53cee361fd60a631cde463729c4e6f6cc5b6e",
        "type": "github"
      },
      "original": {
        "owner": "pwndbg",
        "repo": "pwndbg",
        "type": "github"
      }
    },
    "pyproject-build-systems": {
      "inputs": {
        "nixpkgs": [
          "pwndbg-src",
          "nixpkgs"
        ],
        "pyproject-nix": [
          "pwndbg-src",
          "pyproject-nix"
        ],
        "uv2nix": [
          "pwndbg-src",
          "uv2nix"
        ]
      },
      "locked": {
        "lastModified": 1757296493,
        "narHash": "sha256-6nzSZl28IwH2Vx8YSmd3t6TREHpDbKlDPK+dq1LKIZQ=",
        "owner": "pyproject-nix",
        "repo": "build-system-pkgs",
        "rev": "5b8e37fe0077db5c1df3a5ee90a651345f085d38",
        "type": "github"
      },
      "original": {
        "owner": "pyproject-nix",
        "repo": "build-system-pkgs",
        "type": "github"
      }
    },
    "pyproject-nix": {
      "inputs": {
        "nixpkgs": [
          "pwndbg-src",
          "nixpkgs"
        ]
      },
      "locked": {
        "lastModified": 1757246327,
        "narHash": "sha256-6pNlGhwOIMfhe/RLjHdpXveKS4FyLHvlGe+KtjDild4=",
        "owner": "pyproject-nix",
        "repo": "pyproject.nix",
        "rev": "8d77f342d66ad1601cdb9d97e9388b69f64d4c8e",
        "type": "github"
      },
      "original": {
        "owner": "pyproject-nix",
        "repo": "pyproject.nix",
        "type": "github"
      }
    },
    "root": {
      "inputs": {
        "pwndbg-src": "pwndbg-src",
        "zig2nix": "zig2nix",
        "zls": "zls"
      }
    },
    "systems": {
      "locked": {
        "lastModified": 1681028828,
        "narHash": "sha256-Vy1rq5AaRuLzOxct8nz4T6wlgyUR7zLU309k9mBC768=",
        "owner": "nix-systems",
        "repo": "default",
        "rev": "da67096a3b9bf56a91d16901293e51ba5b49a27e",
        "type": "github"
      },
      "original": {
        "owner": "nix-systems",
        "repo": "default",
        "type": "github"
      }
    },
    "systems_2": {
      "locked": {
        "lastModified": 1681028828,
        "narHash": "sha256-Vy1rq5AaRuLzOxct8nz4T6wlgyUR7zLU309k9mBC768=",
        "owner": "nix-systems",
        "repo": "default",
        "rev": "da67096a3b9bf56a91d16901293e51ba5b49a27e",
        "type": "github"
      },
      "original": {
        "owner": "nix-systems",
        "repo": "default",
        "type": "github"
      }
    },
    "uv2nix": {
      "inputs": {
        "nixpkgs": [
          "pwndbg-src",
          "nixpkgs"
        ],
        "pyproject-nix": [
          "pwndbg-src",
          "pyproject-nix"
        ]
      },
      "locked": {
        "lastModified": 1756973152,
        "narHash": "sha256-9JcKAA7T9J98LWdcxbXvmf+amQG3ZErxqQnBjEJI04I=",
        "owner": "pyproject-nix",
        "repo": "uv2nix",
        "rev": "64298e806f4a5f63a51c625edc100348138491aa",
        "type": "github"
      },
      "original": {
        "owner": "pyproject-nix",
        "repo": "uv2nix",
        "type": "github"
      }
    },
    "zig-overlay": {
      "inputs": {
        "flake-compat": "flake-compat",
        "flake-utils": "flake-utils_2",
        "nixpkgs": [
          "zls",
          "nixpkgs"
        ]
      },
      "locked": {
        "lastModified": 1758629597,
        "narHash": "sha256-4dSjuHMYwTKXQMxw3nDiC6MgdUh0rCROJ6lHXcc3Vio=",
        "owner": "mitchellh",
        "repo": "zig-overlay",
        "rev": "f5b915caa89385d00ddba3e09e6f75951b2cd2c3",
        "type": "github"
      },
      "original": {
        "owner": "mitchellh",
        "repo": "zig-overlay",
        "type": "github"
      }
    },
    "zig2nix": {
      "inputs": {
        "flake-utils": "flake-utils",
        "nixpkgs": "nixpkgs_2"
      },
      "locked": {
        "lastModified": 1759801146,
        "narHash": "sha256-5VChSkCqlsuR7AC6aZJuKRFS1111OuPgrKxuERMQcbU=",
        "owner": "Cloudef",
        "repo": "zig2nix",
        "rev": "c5c044d39c1c667ed8dc27c4a756f3d7c3eb66cb",
        "type": "github"
      },
      "original": {
        "owner": "Cloudef",
        "repo": "zig2nix",
        "type": "github"
      }
    },
    "zls": {
      "inputs": {
        "gitignore": "gitignore",
        "nixpkgs": "nixpkgs_3",
        "zig-overlay": "zig-overlay"
      },
      "locked": {
        "lastModified": 1756048867,
        "narHash": "sha256-GFzSHUljcxy7sM1PaabbkQUdUnLwpherekPWJFxXtnk=",
        "owner": "zigtools",
        "repo": "zls",
        "rev": "ce6c8f02c78e622421cfc2405c67c5222819ec03",
        "type": "github"
      },
      "original": {
        "owner": "zigtools",
        "ref": "0.15.0",
        "repo": "zls",
        "type": "github"
      }
    }
  },
  "root": "root",
  "version": 7
}
